# This file is automatically @generated by Poetry 1.7.1 and should not be changed by hand.

[[package]]
name = "cassandra-driver"
version = "3.29.1"
description = "DataStax Driver for Apache Cassandra"
optional = false
python-versions = "*"
files = [
    {file = "cassandra-driver-3.29.1.tar.gz", hash = "sha256:38e9c2a2f2a9664bb03f1f852d5fccaeff2163942b5db35dffcf8bf32a51cfe5"},
    {file = "cassandra_driver-3.29.1-cp310-cp310-macosx_10_9_x86_64.whl", hash = "sha256:a8f175c7616a63ca48cb8bd4acc443e2a3d889964d5157cead761f23cc8db7bd"},
    {file = "cassandra_driver-3.29.1-cp310-cp310-macosx_11_0_arm64.whl", hash = "sha256:7d66398952b9cd21c40edff56e22b6d3bce765edc94b207ddb5896e7bc9aa088"},
    {file = "cassandra_driver-3.29.1-cp310-cp310-manylinux_2_17_aarch64.manylinux2014_aarch64.whl", hash = "sha256:5bbc6f575ef109ce5d4abfa2033bf36c394032abd83e32ab671159ce68e7e17b"},
    {file = "cassandra_driver-3.29.1-cp310-cp310-manylinux_2_17_x86_64.manylinux2014_x86_64.whl", hash = "sha256:78f241af75696adb3e470209e2fbb498804c99e2b197d24d74774eee6784f283"},
    {file = "cassandra_driver-3.29.1-cp310-cp310-win32.whl", hash = "sha256:54d9e651a742d6ca3d874ef8d06a40fa032d2dba97142da2d36f60c5675e39f8"},
    {file = "cassandra_driver-3.29.1-cp310-cp310-win_amd64.whl", hash = "sha256:630dc5423cd40eba0ee9db31065e2238098ff1a25a6b1bd36360f85738f26e4b"},
    {file = "cassandra_driver-3.29.1-cp311-cp311-macosx_10_9_x86_64.whl", hash = "sha256:0b841d38c96bb878d31df393954863652d6d3a85f47bcc00fd1d70a5ea73023f"},
    {file = "cassandra_driver-3.29.1-cp311-cp311-macosx_11_0_arm64.whl", hash = "sha256:19cc7375f673e215bd4cbbefae2de9f07830be7dabef55284a2d2ff8d8691efe"},
    {file = "cassandra_driver-3.29.1-cp311-cp311-manylinux_2_17_aarch64.manylinux2014_aarch64.whl", hash = "sha256:2b74b355be3dcafe652fffda8f14f385ccc1a8dae9df28e6080cc660da39b45f"},
    {file = "cassandra_driver-3.29.1-cp311-cp311-manylinux_2_17_x86_64.manylinux2014_x86_64.whl", hash = "sha256:0e6dac7eddd3f4581859f180383574068a3f113907811b4dad755a8ace4c3fbd"},
    {file = "cassandra_driver-3.29.1-cp311-cp311-win32.whl", hash = "sha256:293a79dba417112b56320ed0013d71fd7520f5fc4a5fd2ac8000c762c6dd5b07"},
    {file = "cassandra_driver-3.29.1-cp311-cp311-win_amd64.whl", hash = "sha256:7c2374fdf1099047a6c9c8329c79d71ad11e61d9cca7de92a0f49655da4bdd8a"},
    {file = "cassandra_driver-3.29.1-cp312-cp312-macosx_10_9_x86_64.whl", hash = "sha256:4431a0c836f33a33c733c84997fbdb6398be005c4d18a8c8525c469fdc29393c"},
    {file = "cassandra_driver-3.29.1-cp312-cp312-macosx_11_0_arm64.whl", hash = "sha256:d23b08381b171a9e42ace483a82457edcddada9e8367e31677b97538cde2dc34"},
    {file = "cassandra_driver-3.29.1-cp312-cp312-manylinux_2_17_aarch64.manylinux2014_aarch64.whl", hash = "sha256:4beb29a0139e63a10a5b9a3c7b72c30a4e6e20c9f0574f9d22c0d4144fe3d348"},
    {file = "cassandra_driver-3.29.1-cp312-cp312-manylinux_2_17_x86_64.manylinux2014_x86_64.whl", hash = "sha256:1b206423cc454a78f16b411e7cb641dddc26168ac2e18f2c13665f5f3c89868c"},
    {file = "cassandra_driver-3.29.1-cp312-cp312-win32.whl", hash = "sha256:ac898cca7303a3a2a3070513eee12ef0f1be1a0796935c5b8aa13dae8c0a7f7e"},
    {file = "cassandra_driver-3.29.1-cp312-cp312-win_amd64.whl", hash = "sha256:4ad0c9fb2229048ad6ff8c6ddbf1fdc78b111f2b061c66237c2257fcc4a31b14"},
    {file = "cassandra_driver-3.29.1-cp38-cp38-macosx_10_9_x86_64.whl", hash = "sha256:4282c5deac462e4bb0f6fd0553a33d514dbd5ee99d0812594210080330ddd1a2"},
    {file = "cassandra_driver-3.29.1-cp38-cp38-macosx_11_0_arm64.whl", hash = "sha256:41ca7eea069754002418d3bdfbd3dfd150ea12cb9db474ab1a01fa4679a05bcb"},
    {file = "cassandra_driver-3.29.1-cp38-cp38-manylinux_2_17_aarch64.manylinux2014_aarch64.whl", hash = "sha256:f6639ccb268c4dc754bc45e03551711780d0e02cb298ab26cde1f42b7bcc74f8"},
    {file = "cassandra_driver-3.29.1-cp38-cp38-manylinux_2_17_x86_64.manylinux2014_x86_64.whl", hash = "sha256:1a9d7d3b1be24a7f113b5404186ccccc977520401303a8fe78ba34134cad2482"},
    {file = "cassandra_driver-3.29.1-cp38-cp38-win32.whl", hash = "sha256:81c8fd556c6e1bb93577e69c1f10a3fadf7ddb93958d226ccbb72389396e9a92"},
    {file = "cassandra_driver-3.29.1-cp38-cp38-win_amd64.whl", hash = "sha256:cfe70ed0f27af949de2767ea9cef4092584e8748759374a55bf23c30746c7b23"},
    {file = "cassandra_driver-3.29.1-cp39-cp39-macosx_10_9_x86_64.whl", hash = "sha256:a2c03c1d834ac1a0ae39f9af297a8cd38829003ce910b08b324fb3abe488ce2b"},
    {file = "cassandra_driver-3.29.1-cp39-cp39-macosx_11_0_arm64.whl", hash = "sha256:9a3e1e2b01f3b7a5cf75c97401bce830071d99c42464352087d7475e0161af93"},
    {file = "cassandra_driver-3.29.1-cp39-cp39-manylinux_2_17_aarch64.manylinux2014_aarch64.whl", hash = "sha256:90c42006665a4e490b0766b70f3d637f36a30accbef2da35d6d4081c0e0bafc3"},
    {file = "cassandra_driver-3.29.1-cp39-cp39-manylinux_2_17_x86_64.manylinux2014_x86_64.whl", hash = "sha256:0c1aca41f45772f9759e8246030907d92bc35fbbdc91525a3cb9b49939b80ad7"},
    {file = "cassandra_driver-3.29.1-cp39-cp39-win32.whl", hash = "sha256:ce4a66245d4a0c8b07fdcb6398698c2c42eb71245fb49cff39435bb702ff7be6"},
    {file = "cassandra_driver-3.29.1-cp39-cp39-win_amd64.whl", hash = "sha256:4cae69ceb1b1d9383e988a1b790115253eacf7867ceb15ed2adb736e3ce981be"},
]

[package.dependencies]
geomet = ">=0.1,<0.3"

[package.extras]
cle = ["cryptography (>=35.0)"]
graph = ["gremlinpython (==3.4.6)"]

[[package]]
name = "click"
version = "8.1.7"
description = "Composable command line interface toolkit"
optional = false
python-versions = ">=3.7"
files = [
    {file = "click-8.1.7-py3-none-any.whl", hash = "sha256:ae74fb96c20a0277a1d615f1e4d73c8414f5a98db8b799a7931d1582f3390c28"},
    {file = "click-8.1.7.tar.gz", hash = "sha256:ca9853ad459e787e2192211578cc907e7594e294c7ccc834310722b41b9ca6de"},
]

[package.dependencies]
colorama = {version = "*", markers = "platform_system == \"Windows\""}

[[package]]
name = "colorama"
version = "0.4.6"
description = "Cross-platform colored terminal text."
optional = false
python-versions = "!=3.0.*,!=3.1.*,!=3.2.*,!=3.3.*,!=3.4.*,!=3.5.*,!=3.6.*,>=2.7"
files = [
    {file = "colorama-0.4.6-py2.py3-none-any.whl", hash = "sha256:4f1d9991f5acc0ca119f9d443620b77f9d6b33703e51011c16baf57afb285fc6"},
    {file = "colorama-0.4.6.tar.gz", hash = "sha256:08695f5cb7ed6e0531a20572697297273c47b8cae5a63ffc6d6ed5c201be6e44"},
]

[[package]]
name = "geomet"
version = "0.2.1.post1"
description = "GeoJSON <-> WKT/WKB conversion utilities"
optional = false
python-versions = ">2.6, !=3.3.*, <4"
files = [
    {file = "geomet-0.2.1.post1-py3-none-any.whl", hash = "sha256:a41a1e336b381416d6cbed7f1745c848e91defaa4d4c1bdc1312732e46ffad2b"},
    {file = "geomet-0.2.1.post1.tar.gz", hash = "sha256:91d754f7c298cbfcabd3befdb69c641c27fe75e808b27aa55028605761d17e95"},
]

[package.dependencies]
click = "*"
six = "*"

[[package]]
name = "six"
version = "1.16.0"
description = "Python 2 and 3 compatibility utilities"
optional = false
python-versions = ">=2.7, !=3.0.*, !=3.1.*, !=3.2.*"
files = [
    {file = "six-1.16.0-py2.py3-none-any.whl", hash = "sha256:8abb2f1d86890a2dfb989f9a77cfcfd3e47c2a354b01111771326f8aa26e0254"},
    {file = "six-1.16.0.tar.gz", hash = "sha256:1e61c37477a1626458e36f7b1d82aa5c9b094fa4802892072e49de9c60c4c926"},
]

[metadata]
lock-version = "2.0"
python-versions = "^3.11"
content-hash = "05084798c2277acf74bba56063d32b5dbc0df3ae44d53cdb920a71b1b318b818"
