# This file is automatically @generated by Poetry 1.7.1 and should not be changed by hand.

[[package]]
name = "cassandra-driver"
version = "3.29.1"
description = "DataStax Driver for Apache Cassandra"
optional = false
python-versions = "*"
files = [
    {file = "cassandra-driver-3.29.1.tar.gz", hash = "sha256:38e9c2a2f2a9664bb03f1f852d5fccaeff2163942b5db35dffcf8bf32a51cfe5"},
    {file = "cassandra_driver-3.29.1-cp310-cp310-macosx_10_9_x86_64.whl", hash = "sha256:a8f175c7616a63ca48cb8bd4acc443e2a3d889964d5157cead761f23cc8db7bd"},
    {file = "cassandra_driver-3.29.1-cp310-cp310-macosx_11_0_arm64.whl", hash = "sha256:7d66398952b9cd21c40edff56e22b6d3bce765edc94b207ddb5896e7bc9aa088"},
    {file = "cassandra_driver-3.29.1-cp310-cp310-manylinux_2_17_aarch64.manylinux2014_aarch64.whl", hash = "sha256:5bbc6f575ef109ce5d4abfa2033bf36c394032abd83e32ab671159ce68e7e17b"},
    {file = "cassandra_driver-3.29.1-cp310-cp310-manylinux_2_17_x86_64.manylinux2014_x86_64.whl", hash = "sha256:78f241af75696adb3e470209e2fbb498804c99e2b197d24d74774eee6784f283"},
    {file = "cassandra_driver-3.29.1-cp310-cp310-win32.whl", hash = "sha256:54d9e651a742d6ca3d874ef8d06a40fa032d2dba97142da2d36f60c5675e39f8"},
    {file = "cassandra_driver-3.29.1-cp310-cp310-win_amd64.whl", hash = "sha256:630dc5423cd40eba0ee9db31065e2238098ff1a25a6b1bd36360f85738f26e4b"},
    {file = "cassandra_driver-3.29.1-cp311-cp311-macosx_10_9_x86_64.whl", hash = "sha256:0b841d38c96bb878d31df393954863652d6d3a85f47bcc00fd1d70a5ea73023f"},
    {file = "cassandra_driver-3.29.1-cp311-cp311-macosx_11_0_arm64.whl", hash = "sha256:19cc7375f673e215bd4cbbefae2de9f07830be7dabef55284a2d2ff8d8691efe"},
    {file = "cassandra_driver-3.29.1-cp311-cp311-manylinux_2_17_aarch64.manylinux2014_aarch64.whl", hash = "sha256:2b74b355be3dcafe652fffda8f14f385ccc1a8dae9df28e6080cc660da39b45f"},
    {file = "cassandra_driver-3.29.1-cp311-cp311-manylinux_2_17_x86_64.manylinux2014_x86_64.whl", hash = "sha256:0e6dac7eddd3f4581859f180383574068a3f113907811b4dad755a8ace4c3fbd"},
    {file = "cassandra_driver-3.29.1-cp311-cp311-win32.whl", hash = "sha256:293a79dba417112b56320ed0013d71fd7520f5fc4a5fd2ac8000c762c6dd5b07"},
    {file = "cassandra_driver-3.29.1-cp311-cp311-win_amd64.whl", hash = "sha256:7c2374fdf1099047a6c9c8329c79d71ad11e61d9cca7de92a0f49655da4bdd8a"},
    {file = "cassandra_driver-3.29.1-cp312-cp312-macosx_10_9_x86_64.whl", hash = "sha256:4431a0c836f33a33c733c84997fbdb6398be005c4d18a8c8525c469fdc29393c"},
    {file = "cassandra_driver-3.29.1-cp312-cp312-macosx_11_0_arm64.whl", hash = "sha256:d23b08381b171a9e42ace483a82457edcddada9e8367e31677b97538cde2dc34"},
    {file = "cassandra_driver-3.29.1-cp312-cp312-manylinux_2_17_aarch64.manylinux2014_aarch64.whl", hash = "sha256:4beb29a0139e63a10a5b9a3c7b72c30a4e6e20c9f0574f9d22c0d4144fe3d348"},
    {file = "cassandra_driver-3.29.1-cp312-cp312-manylinux_2_17_x86_64.manylinux2014_x86_64.whl", hash = "sha256:1b206423cc454a78f16b411e7cb641dddc26168ac2e18f2c13665f5f3c89868c"},
    {file = "cassandra_driver-3.29.1-cp312-cp312-win32.whl", hash = "sha256:ac898cca7303a3a2a3070513eee12ef0f1be1a0796935c5b8aa13dae8c0a7f7e"},
    {file = "cassandra_driver-3.29.1-cp312-cp312-win_amd64.whl", hash = "sha256:4ad0c9fb2229048ad6ff8c6ddbf1fdc78b111f2b061c66237c2257fcc4a31b14"},
    {file = "cassandra_driver-3.29.1-cp38-cp38-macosx_10_9_x86_64.whl", hash = "sha256:4282c5deac462e4bb0f6fd0553a33d514dbd5ee99d0812594210080330ddd1a2"},
    {file = "cassandra_driver-3.29.1-cp38-cp38-macosx_11_0_arm64.whl", hash = "sha256:41ca7eea069754002418d3bdfbd3dfd150ea12cb9db474ab1a01fa4679a05bcb"},
    {file = "cassandra_driver-3.29.1-cp38-cp38-manylinux_2_17_aarch64.manylinux2014_aarch64.whl", hash = "sha256:f6639ccb268c4dc754bc45e03551711780d0e02cb298ab26cde1f42b7bcc74f8"},
    {file = "cassandra_driver-3.29.1-cp38-cp38-manylinux_2_17_x86_64.manylinux2014_x86_64.whl", hash = "sha256:1a9d7d3b1be24a7f113b5404186ccccc977520401303a8fe78ba34134cad2482"},
    {file = "cassandra_driver-3.29.1-cp38-cp38-win32.whl", hash = "sha256:81c8fd556c6e1bb93577e69c1f10a3fadf7ddb93958d226ccbb72389396e9a92"},
    {file = "cassandra_driver-3.29.1-cp38-cp38-win_amd64.whl", hash = "sha256:cfe70ed0f27af949de2767ea9cef4092584e8748759374a55bf23c30746c7b23"},
    {file = "cassandra_driver-3.29.1-cp39-cp39-macosx_10_9_x86_64.whl", hash = "sha256:a2c03c1d834ac1a0ae39f9af297a8cd38829003ce910b08b324fb3abe488ce2b"},
    {file = "cassandra_driver-3.29.1-cp39-cp39-macosx_11_0_arm64.whl", hash = "sha256:9a3e1e2b01f3b7a5cf75c97401bce830071d99c42464352087d7475e0161af93"},
    {file = "cassandra_driver-3.29.1-cp39-cp39-manylinux_2_17_aarch64.manylinux2014_aarch64.whl", hash = "sha256:90c42006665a4e490b0766b70f3d637f36a30accbef2da35d6d4081c0e0bafc3"},
    {file = "cassandra_driver-3.29.1-cp39-cp39-manylinux_2_17_x86_64.manylinux2014_x86_64.whl", hash = "sha256:0c1aca41f45772f9759e8246030907d92bc35fbbdc91525a3cb9b49939b80ad7"},
    {file = "cassandra_driver-3.29.1-cp39-cp39-win32.whl", hash = "sha256:ce4a66245d4a0c8b07fdcb6398698c2c42eb71245fb49cff39435bb702ff7be6"},
    {file = "cassandra_driver-3.29.1-cp39-cp39-win_amd64.whl", hash = "sha256:4cae69ceb1b1d9383e988a1b790115253eacf7867ceb15ed2adb736e3ce981be"},
]

[package.dependencies]
geomet = ">=0.1,<0.3"

[package.extras]
cle = ["cryptography (>=35.0)"]
graph = ["gremlinpython (==3.4.6)"]

[[package]]
name = "click"
version = "8.1.7"
description = "Composable command line interface toolkit"
optional = false
python-versions = ">=3.7"
files = [
    {file = "click-8.1.7-py3-none-any.whl", hash = "sha256:ae74fb96c20a0277a1d615f1e4d73c8414f5a98db8b799a7931d1582f3390c28"},
    {file = "click-8.1.7.tar.gz", hash = "sha256:ca9853ad459e787e2192211578cc907e7594e294c7ccc834310722b41b9ca6de"},
]

[package.dependencies]
colorama = {version = "*", markers = "platform_system == \"Windows\""}

[[package]]
name = "colorama"
version = "0.4.6"
description = "Cross-platform colored terminal text."
optional = false
python-versions = "!=3.0.*,!=3.1.*,!=3.2.*,!=3.3.*,!=3.4.*,!=3.5.*,!=3.6.*,>=2.7"
files = [
    {file = "colorama-0.4.6-py2.py3-none-any.whl", hash = "sha256:4f1d9991f5acc0ca119f9d443620b77f9d6b33703e51011c16baf57afb285fc6"},
    {file = "colorama-0.4.6.tar.gz", hash = "sha256:08695f5cb7ed6e0531a20572697297273c47b8cae5a63ffc6d6ed5c201be6e44"},
]

[[package]]
name = "dnspython"
version = "2.6.1"
description = "DNS toolkit"
optional = false
python-versions = ">=3.8"
files = [
    {file = "dnspython-2.6.1-py3-none-any.whl", hash = "sha256:5ef3b9680161f6fa89daf8ad451b5f1a33b18ae8a1c6778cdf4b43f08c0a6e50"},
    {file = "dnspython-2.6.1.tar.gz", hash = "sha256:e8f0f9c23a7b7cb99ded64e6c3a6f3e701d78f50c55e002b839dea7225cff7cc"},
]

[package.extras]
dev = ["black (>=23.1.0)", "coverage (>=7.0)", "flake8 (>=7)", "mypy (>=1.8)", "pylint (>=3)", "pytest (>=7.4)", "pytest-cov (>=4.1.0)", "sphinx (>=7.2.0)", "twine (>=4.0.0)", "wheel (>=0.42.0)"]
dnssec = ["cryptography (>=41)"]
doh = ["h2 (>=4.1.0)", "httpcore (>=1.0.0)", "httpx (>=0.26.0)"]
doq = ["aioquic (>=0.9.25)"]
idna = ["idna (>=3.6)"]
trio = ["trio (>=0.23)"]
wmi = ["wmi (>=1.5.1)"]

[[package]]
name = "geomet"
version = "0.2.1.post1"
description = "GeoJSON <-> WKT/WKB conversion utilities"
optional = false
python-versions = ">2.6, !=3.3.*, <4"
files = [
    {file = "geomet-0.2.1.post1-py3-none-any.whl", hash = "sha256:a41a1e336b381416d6cbed7f1745c848e91defaa4d4c1bdc1312732e46ffad2b"},
    {file = "geomet-0.2.1.post1.tar.gz", hash = "sha256:91d754f7c298cbfcabd3befdb69c641c27fe75e808b27aa55028605761d17e95"},
]

[package.dependencies]
click = "*"
six = "*"

[[package]]
name = "pymongo"
version = "4.7.0"
description = "Python driver for MongoDB <http://www.mongodb.org>"
optional = false
python-versions = ">=3.7"
files = [
    {file = "pymongo-4.7.0-cp310-cp310-macosx_10_9_x86_64.whl", hash = "sha256:8449b6af19cac09cce9d0834c196b29b72b29e05724f4ea208b3f602fdd47086"},
    {file = "pymongo-4.7.0-cp310-cp310-macosx_11_0_arm64.whl", hash = "sha256:eb00787bed1939ef21ffcb09b3034b193c3c6e9838724e2c05ef881cb2b03a33"},
    {file = "pymongo-4.7.0-cp310-cp310-manylinux_2_17_aarch64.manylinux2014_aarch64.whl", hash = "sha256:f8c4cbe5a1258b9f3a49f83781c8b2fb58f39a682779a3c81dc444a609cb15ba"},
    {file = "pymongo-4.7.0-cp310-cp310-manylinux_2_17_ppc64le.manylinux2014_ppc64le.whl", hash = "sha256:12db8e8768bd0d4a433eea3463f05648c3f65f262776c777a0e19e7c55f27a73"},
    {file = "pymongo-4.7.0-cp310-cp310-manylinux_2_17_s390x.manylinux2014_s390x.whl", hash = "sha256:7be2e57df38fa9b1b6f9ebe5bedd38118b511d3bdf0d9e77158c476542c9153d"},
    {file = "pymongo-4.7.0-cp310-cp310-manylinux_2_17_x86_64.manylinux2014_x86_64.whl", hash = "sha256:4b2b49670b32df8cf6650133cf439593f0291228ce971094c62c3a478024c7d1"},
    {file = "pymongo-4.7.0-cp310-cp310-manylinux_2_5_i686.manylinux1_i686.manylinux_2_17_i686.manylinux2014_i686.whl", hash = "sha256:5366f28b2115120611536914540b0d247a89b09bb80bbc78893f246a584165b9"},
    {file = "pymongo-4.7.0-cp310-cp310-win32.whl", hash = "sha256:6c993fff4c110f6de4d76b76af97733efecae83b688cb27d1a3c5431415e3803"},
    {file = "pymongo-4.7.0-cp310-cp310-win_amd64.whl", hash = "sha256:66b490775aa4542e0585ffdff1d0c6c4279536c852334f34a6a9a5c882beafd4"},
    {file = "pymongo-4.7.0-cp311-cp311-macosx_10_9_x86_64.whl", hash = "sha256:9584be3d20ee26b53c0b1e25ba38196b7f65f594f48211b5ab3fa12b428ec6a9"},
    {file = "pymongo-4.7.0-cp311-cp311-macosx_11_0_arm64.whl", hash = "sha256:db2885773af0c10420e6bb86e84ee780bc3817d45a29ef24d8f6376ae2351eec"},
    {file = "pymongo-4.7.0-cp311-cp311-manylinux_2_17_aarch64.manylinux2014_aarch64.whl", hash = "sha256:8af3de7fea21b1ced0770766ec37a5900a62b45fe4b8f1dfa521226d591dbf66"},
    {file = "pymongo-4.7.0-cp311-cp311-manylinux_2_17_ppc64le.manylinux2014_ppc64le.whl", hash = "sha256:78b0ba6d60c7f2ac779909ac53383c83584826a304206559599c46a33366622a"},
    {file = "pymongo-4.7.0-cp311-cp311-manylinux_2_17_s390x.manylinux2014_s390x.whl", hash = "sha256:4c82105c91cf95821039aca48350630435e7be18989496b6292aaa8779fa5fb6"},
    {file = "pymongo-4.7.0-cp311-cp311-manylinux_2_17_x86_64.manylinux2014_x86_64.whl", hash = "sha256:44eb2a3adaa0916f2fb6812d4d805956fd376b7fceae3b62f5dfae5e29330786"},
    {file = "pymongo-4.7.0-cp311-cp311-manylinux_2_5_i686.manylinux1_i686.manylinux_2_17_i686.manylinux2014_i686.whl", hash = "sha256:2161278182f3163d15afc3c578097ec20c844ac7180e41134a2a2b5c9ae77b9d"},
    {file = "pymongo-4.7.0-cp311-cp311-win32.whl", hash = "sha256:98cb932ab936d702e28cf8da1982dcf5e7cfc35736b7516c0df7aaa46c63e0e2"},
    {file = "pymongo-4.7.0-cp311-cp311-win_amd64.whl", hash = "sha256:3f1d57edc2a4bd96ae5741e4d83d3d54695174fd9068c88c89e12f7262be4de4"},
    {file = "pymongo-4.7.0-cp312-cp312-macosx_10_9_x86_64.whl", hash = "sha256:36d05d1ff861dda7c9e84d9848ea6f2b5d2245ae1093865d14597de29ba95b37"},
    {file = "pymongo-4.7.0-cp312-cp312-macosx_11_0_arm64.whl", hash = "sha256:0ad32bb7e5f889fc5994001f7bb8bf945b52e10e428a563dfce0661961eae224"},
    {file = "pymongo-4.7.0-cp312-cp312-manylinux_2_17_aarch64.manylinux2014_aarch64.whl", hash = "sha256:8885f825203fa14ce863b462effcd93e07bfc6e582b3b93cfcde5ae42ccc9923"},
    {file = "pymongo-4.7.0-cp312-cp312-manylinux_2_17_ppc64le.manylinux2014_ppc64le.whl", hash = "sha256:cf4187bc91bd10e29857775651101d0ec26e580d6b46a8c5cbf93928358ac3c3"},
    {file = "pymongo-4.7.0-cp312-cp312-manylinux_2_17_s390x.manylinux2014_s390x.whl", hash = "sha256:aebd99aaea95c48fba24bc3d7b72e7bf70e06df4c647de938c4d3dce2fd25a1c"},
    {file = "pymongo-4.7.0-cp312-cp312-manylinux_2_17_x86_64.manylinux2014_x86_64.whl", hash = "sha256:52facf98dcba501b2ae337d21f065cc30ceb25b97ce8f17878c1ae9d781f7f26"},
    {file = "pymongo-4.7.0-cp312-cp312-manylinux_2_5_i686.manylinux1_i686.manylinux_2_17_i686.manylinux2014_i686.whl", hash = "sha256:f807dadc8030a5b55915f78fac25393af47bee8ccb62b5a6c5c622274ff4adf1"},
    {file = "pymongo-4.7.0-cp312-cp312-win32.whl", hash = "sha256:7a3c9218c5bc4384fa079f41b744473ada6a5f549fc11a4ae0fe7287746acc04"},
    {file = "pymongo-4.7.0-cp312-cp312-win_amd64.whl", hash = "sha256:97ccb53d9310d5963df1a4543f1cfabdfd914638a5c8438234f6ed70d9303222"},
    {file = "pymongo-4.7.0-cp37-cp37m-macosx_10_9_x86_64.whl", hash = "sha256:41d647fdaedba2f5b5c92299575814c164af44696fed3a4fc0d0df4f29eabcb2"},
    {file = "pymongo-4.7.0-cp37-cp37m-manylinux_2_17_aarch64.manylinux2014_aarch64.whl", hash = "sha256:9f53cf5bf65dda3fc1b5ec5f760233a41b282db3157d135e9272101f0492825f"},
    {file = "pymongo-4.7.0-cp37-cp37m-manylinux_2_17_ppc64le.manylinux2014_ppc64le.whl", hash = "sha256:6673daf8fc23a96934cbb7a3626dcfa3ae21510492047e6003dfe3f26e62886b"},
    {file = "pymongo-4.7.0-cp37-cp37m-manylinux_2_17_s390x.manylinux2014_s390x.whl", hash = "sha256:16d7fc4891f5482e42c35be6931e9cf6b635d7d95056ff45b56bae5f0384830f"},
    {file = "pymongo-4.7.0-cp37-cp37m-manylinux_2_17_x86_64.manylinux2014_x86_64.whl", hash = "sha256:8fc34b4d92d5d8671be6b728076f275ccfe8495c7e6b74750b634190e17ede68"},
    {file = "pymongo-4.7.0-cp37-cp37m-manylinux_2_5_i686.manylinux1_i686.manylinux_2_17_i686.manylinux2014_i686.whl", hash = "sha256:d4d584b249c79acae86729d216a5185d833a90477d566f094b47d39620493870"},
    {file = "pymongo-4.7.0-cp37-cp37m-manylinux_2_5_i686.manylinux1_i686.whl", hash = "sha256:b3784063fa43a0019b6a73e1e63b7fcbff4ded4d0ec5442202aa3caa12be9ef8"},
    {file = "pymongo-4.7.0-cp37-cp37m-manylinux_2_5_x86_64.manylinux1_x86_64.whl", hash = "sha256:bd514420eb09bba897016b7f1a2c17f9f3f1a7bc320c0505c59c3225e024b51c"},
    {file = "pymongo-4.7.0-cp37-cp37m-win32.whl", hash = "sha256:31ed6426fc68d500e2f27346e4ce3cc4fd3438adc99a3aaae41578c8a3b1f467"},
    {file = "pymongo-4.7.0-cp37-cp37m-win_amd64.whl", hash = "sha256:69865d5739822c277d075a50601077767706e9f0862562e116ef13969d09fc9e"},
    {file = "pymongo-4.7.0-cp38-cp38-macosx_10_9_x86_64.whl", hash = "sha256:fbad9290b32ff1fc38bcac42699b8ea6a7c49cab081ba54761f3109bc5703248"},
    {file = "pymongo-4.7.0-cp38-cp38-macosx_11_0_arm64.whl", hash = "sha256:5307bfda4f39d9f1b3df9ab96b22d44bca458e44286ce806d716a2ffed2c46da"},
    {file = "pymongo-4.7.0-cp38-cp38-manylinux_2_17_aarch64.manylinux2014_aarch64.whl", hash = "sha256:2f1a2ee91a97904cd21bddfce58d1868b6ea67b99bdd81dfe9cebfe35d0d751b"},
    {file = "pymongo-4.7.0-cp38-cp38-manylinux_2_17_ppc64le.manylinux2014_ppc64le.whl", hash = "sha256:cefa4e9be8bffa80de1bd70ae5ee79973e5db10befabcb25289fb52231a0dcff"},
    {file = "pymongo-4.7.0-cp38-cp38-manylinux_2_17_s390x.manylinux2014_s390x.whl", hash = "sha256:b7b8bd94c63cef8f5bfbb29568934213d9730381db94f467f979c9e5aaa27130"},
    {file = "pymongo-4.7.0-cp38-cp38-manylinux_2_17_x86_64.manylinux2014_x86_64.whl", hash = "sha256:c8ff95728965e633591862bfc197018d25bc349b5cd8da080acb52a2d17a6e95"},
    {file = "pymongo-4.7.0-cp38-cp38-manylinux_2_5_i686.manylinux1_i686.manylinux_2_17_i686.manylinux2014_i686.whl", hash = "sha256:07265c14aa40259771255dbf59f9160a3690e82522ed02ab07e0e5c3045bad5b"},
    {file = "pymongo-4.7.0-cp38-cp38-manylinux_2_5_i686.manylinux1_i686.whl", hash = "sha256:7214b7599a9f2e4ed01ecdc034cbe8f2926954bfdad9277390dd1bccf9fd6553"},
    {file = "pymongo-4.7.0-cp38-cp38-manylinux_2_5_x86_64.manylinux1_x86_64.whl", hash = "sha256:1864f224b1793ef8698f779a7808e2b8c4a8f26bd0612c578412f62d6e99be46"},
    {file = "pymongo-4.7.0-cp38-cp38-win32.whl", hash = "sha256:2bfaf7a7eb6a91dfe58f384be16fd895e040d17236ee82217d1be9fc56869dc8"},
    {file = "pymongo-4.7.0-cp38-cp38-win_amd64.whl", hash = "sha256:2545c2be5ed25b1e9419cde4269d6a744076f80eaf86695d2dd888bddac29dd7"},
    {file = "pymongo-4.7.0-cp39-cp39-macosx_10_9_x86_64.whl", hash = "sha256:e7a00cee5b7a4160eed9cb43a2539037f572f01ed7261c2d1b4f7217060dba61"},
    {file = "pymongo-4.7.0-cp39-cp39-macosx_11_0_arm64.whl", hash = "sha256:c85f9824a7e90bf49aeed953e63942bff499116312e555ccb51bd3bf7ebe9342"},
    {file = "pymongo-4.7.0-cp39-cp39-manylinux_2_17_aarch64.manylinux2014_aarch64.whl", hash = "sha256:030dba8b3e1cb29f874739247e1eba1d01118a11583c62145c707a6e725d416a"},
    {file = "pymongo-4.7.0-cp39-cp39-manylinux_2_17_ppc64le.manylinux2014_ppc64le.whl", hash = "sha256:0dc2e365b14cb768898429e4331c58587be7143ad230858d19e8dd032f0adadc"},
    {file = "pymongo-4.7.0-cp39-cp39-manylinux_2_17_s390x.manylinux2014_s390x.whl", hash = "sha256:50865177882df0badc879c5b20f20cdc9c73494f0e2b19a40534af9c90018b4e"},
    {file = "pymongo-4.7.0-cp39-cp39-manylinux_2_17_x86_64.manylinux2014_x86_64.whl", hash = "sha256:5c4b0d8393fb991b3dd934e891e064ae804e9267fce9d01d2f16b25e20564e3d"},
    {file = "pymongo-4.7.0-cp39-cp39-manylinux_2_5_i686.manylinux1_i686.manylinux_2_17_i686.manylinux2014_i686.whl", hash = "sha256:7530ea1da6fe0bb1960390ba6523483dfdb2a6239d0e8058b1505cc2a79c75f8"},
    {file = "pymongo-4.7.0-cp39-cp39-manylinux_2_5_i686.manylinux1_i686.whl", hash = "sha256:36536a41f08180adc647a21ca12dba859a23d841d28ca8fd3976c8781ed8290b"},
    {file = "pymongo-4.7.0-cp39-cp39-manylinux_2_5_x86_64.manylinux1_x86_64.whl", hash = "sha256:b3a49be20a403d86eb1c559350fb56f28a859041756159eeb00e89f59b6e1288"},
    {file = "pymongo-4.7.0-cp39-cp39-win32.whl", hash = "sha256:a292ee4babdd632531effaac95da5f211caafa6a039c097a1b18a4dc0d52488b"},
    {file = "pymongo-4.7.0-cp39-cp39-win_amd64.whl", hash = "sha256:cb809ff53ab3110ebc43a5e47aa945bb97e4ed9bc9beb07f935f5c83d9077e67"},
    {file = "pymongo-4.7.0.tar.gz", hash = "sha256:431093ef808944a14698b2a719b739fa7721778769e80c08423568991aa29c42"},
]

[package.dependencies]
dnspython = ">=1.16.0,<3.0.0"

[package.extras]
aws = ["pymongo-auth-aws (>=1.1.0,<2.0.0)"]
encryption = ["certifi", "pymongo-auth-aws (>=1.1.0,<2.0.0)", "pymongocrypt (>=1.6.0,<2.0.0)"]
gssapi = ["pykerberos", "winkerberos (>=0.5.0)"]
ocsp = ["certifi", "cryptography (>=2.5)", "pyopenssl (>=17.2.0)", "requests (<3.0.0)", "service-identity (>=18.1.0)"]
snappy = ["python-snappy"]
test = ["pytest (>=7)"]
zstd = ["zstandard"]

[[package]]
name = "six"
version = "1.16.0"
description = "Python 2 and 3 compatibility utilities"
optional = false
python-versions = ">=2.7, !=3.0.*, !=3.1.*, !=3.2.*"
files = [
    {file = "six-1.16.0-py2.py3-none-any.whl", hash = "sha256:8abb2f1d86890a2dfb989f9a77cfcfd3e47c2a354b01111771326f8aa26e0254"},
    {file = "six-1.16.0.tar.gz", hash = "sha256:1e61c37477a1626458e36f7b1d82aa5c9b094fa4802892072e49de9c60c4c926"},
]

[metadata]
lock-version = "2.0"
python-versions = "^3.11"
content-hash = "afa9cbc94d830c9d17fb5e9b9e25253e87ba8038c823714f76b5a86977fcbad9"
